Microsoft Visual Studio Solution File, Format Version 12.00
# Visual Studio Version 17
VisualStudioVersion = 17.5.2.0
MinimumVisualStudioVersion = 10.0.40219.1
Project("{FAE04EC0-301F-11D3-BF4B-00C04F79EFBC}") = "MyNEWWebApi", "MyNEWWebApi.csproj", "{887125A6-D424-3EB8-92B0-33C960B164D9}"
EndProject
Global
	GlobalSection(SolutionConfigurationPlatforms) = preSolution
		Debug|Any CPU = Debug|Any CPU
		Release|Any CPU = Release|Any CPU
	EndGlobalSection
	GlobalSection(ProjectConfigurationPlatforms) = postSolution
		{887125A6-D424-3EB8-92B0-33C960B164D9}.Debug|Any CPU.ActiveCfg = Debug|Any CPU
		{887125A6-D424-3EB8-92B0-33C960B164D9}.Debug|Any CPU.Build.0 = Debug|Any CPU
		{887125A6-D424-3EB8-92B0-33C960B164D9}.Release|Any CPU.ActiveCfg = Release|Any CPU
		{887125A6-D424-3EB8-92B0-33C960B164D9}.Release|Any CPU.Build.0 = Release|Any CPU
	EndGlobalSection
	GlobalSection(SolutionProperties) = preSolution
		HideSolutionNode = FALSE
	EndGlobalSection
	GlobalSection(ExtensibilityGlobals) = postSolution
		SolutionGuid = {E6691697-0E3D-4195-93DA-C01914338B95}
	EndGlobalSection
EndGlobal
